
Microsoft Visual Studio Solution File, Format Version 12.00
# Visual Studio Version 17
VisualStudioVersion = 17.3.32804.467
MinimumVisualStudioVersion = 10.0.40219.1
Project("{FAE04EC0-301F-11D3-BF4B-00C04F79EFBC}") = "ex1", "ex1\ex1.csproj", "{B88EEC00-F6BF-45A3-89FF-17E4E8EBC222}"
EndProject
Global
	GlobalSection(SolutionConfigurationPlatforms) = preSolution
		Debug|Any CPU = Debug|Any CPU
		Release|Any CPU = Release|Any CPU
	EndGlobalSection
	GlobalSection(ProjectConfigurationPlatforms) = postSolution
		{B88EEC00-F6BF-45A3-89FF-17E4E8EBC222}.Debug|Any CPU.ActiveCfg = Debug|Any CPU
		{B88EEC00-F6BF-45A3-89FF-17E4E8EBC222}.Debug|Any CPU.Build.0 = Debug|Any CPU
		{B88EEC00-F6BF-45A3-89FF-17E4E8EBC222}.Release|Any CPU.ActiveCfg = Release|Any CPU
		{B88EEC00-F6BF-45A3-89FF-17E4E8EBC222}.Release|Any CPU.Build.0 = Release|Any CPU
	EndGlobalSection
	GlobalSection(SolutionProperties) = preSolution
		HideSolutionNode = FALSE
	EndGlobalSection
	GlobalSection(ExtensibilityGlobals) = postSolution
		SolutionGuid = {7B280255-A4B6-4632-A4E4-C1FD3D080CCE}
	EndGlobalSection
EndGlobal
