
Microsoft Visual Studio Solution File, Format Version 12.00
# Visual Studio Version 17
VisualStudioVersion = 17.3.32804.467
MinimumVisualStudioVersion = 10.0.40219.1
Project("{FAE04EC0-301F-11D3-BF4B-00C04F79EFBC}") = "semaine4", "semaine4.csproj", "{4742FE3F-7158-4D8A-9071-FD2BECF43168}"
EndProject
Global
	GlobalSection(SolutionConfigurationPlatforms) = preSolution
		Debug|Any CPU = Debug|Any CPU
		Release|Any CPU = Release|Any CPU
	EndGlobalSection
	GlobalSection(ProjectConfigurationPlatforms) = postSolution
		{4742FE3F-7158-4D8A-9071-FD2BECF43168}.Debug|Any CPU.ActiveCfg = Debug|Any CPU
		{4742FE3F-7158-4D8A-9071-FD2BECF43168}.Debug|Any CPU.Build.0 = Debug|Any CPU
		{4742FE3F-7158-4D8A-9071-FD2BECF43168}.Release|Any CPU.ActiveCfg = Release|Any CPU
		{4742FE3F-7158-4D8A-9071-FD2BECF43168}.Release|Any CPU.Build.0 = Release|Any CPU
	EndGlobalSection
	GlobalSection(SolutionProperties) = preSolution
		HideSolutionNode = FALSE
	EndGlobalSection
	GlobalSection(ExtensibilityGlobals) = postSolution
		SolutionGuid = {55273F47-3B95-4F1B-9598-0188DD24AA54}
	EndGlobalSection
EndGlobal
